{
  "name": "sf2-export",
  "version": "1.0.0",
  "lockfileVersion": 3,
  "requires": true,
  "packages": {
    "": {
      "name": "sf2-export",
      "version": "1.0.0",
      "license": "ISC",
      "dependencies": {
        "@logue/sf2synth": "^0.7.2",
        "@types/chalk": "^0.4.31",
        "@types/wav-encoder": "^1.3.3",
        "chalk": "^5.4.1",
        "wav-encoder": "^1.3.0"
      }
    },
    "node_modules/@logue/reverb": {
      "version": "1.3.16",
      "license": "MIT",
      "dependencies": {
        "@thi.ng/colored-noise": "^1.0.97",
        "@thi.ng/random": "^4.1.15",
        "@thi.ng/transducers": "^9.2.24"
      },
      "engines": {
        "node": ">=22.0.1",
        "pnpm": ">=10.3.0"
      }
    },
    "node_modules/@logue/sf2synth": {
      "version": "0.7.2",
      "license": "MIT",
      "dependencies": {
        "@logue/reverb": "^1.3.15",
        "bootstrap": "^5.3.3"
      },
      "engines": {
        "node": ">=22.7.4",
        "pnpm": ">=10.3.0"
      }
    },
    "node_modules/@popperjs/core": {
      "version": "2.11.8",
      "resolved": "https://registry.npmjs.org/@popperjs/core/-/core-2.11.8.tgz",
      "integrity": "sha512-P1st0aksCrn9sGZhp8GMYwBnQsbvAWsZAX44oXNNvLHGqAOcoVxmjZiohstwQ7SqKnbR47akdNi+uleWD8+g6A==",
      "license": "MIT",
      "peer": true,
      "funding": {
        "type": "opencollective",
        "url": "https://opencollective.com/popperjs"
      }
    },
    "node_modules/@thi.ng/api": {
      "version": "8.11.26",
      "funding": [
        {
          "type": "github",
          "url": "https://github.com/sponsors/postspectacular"
        },
        {
          "type": "patreon",
          "url": "https://patreon.com/thing_umbrella"
        },
        {
          "type": "liberapay",
          "url": "https://liberapay.com/thi.ng"
        }
      ],
      "license": "Apache-2.0",
      "engines": {
        "node": ">=18"
      }
    },
    "node_modules/@thi.ng/arrays": {
      "version": "2.10.23",
      "funding": [
        {
          "type": "github",
          "url": "https://github.com/sponsors/postspectacular"
        },
        {
          "type": "patreon",
          "url": "https://patreon.com/thing_umbrella"
        },
        {
          "type": "liberapay",
          "url": "https://liberapay.com/thi.ng"
        }
      ],
      "license": "Apache-2.0",
      "dependencies": {
        "@thi.ng/api": "^8.11.26",
        "@thi.ng/checks": "^3.7.6",
        "@thi.ng/compare": "^2.4.18",
        "@thi.ng/equiv": "^2.1.82",
        "@thi.ng/errors": "^2.5.32",
        "@thi.ng/random": "^4.1.17"
      },
      "engines": {
        "node": ">=18"
      }
    },
    "node_modules/@thi.ng/binary": {
      "version": "3.4.49",
      "funding": [
        {
          "type": "github",
          "url": "https://github.com/sponsors/postspectacular"
        },
        {
          "type": "patreon",
          "url": "https://patreon.com/thing_umbrella"
        },
        {
          "type": "liberapay",
          "url": "https://liberapay.com/thi.ng"
        }
      ],
      "license": "Apache-2.0",
      "dependencies": {
        "@thi.ng/api": "^8.11.26"
      },
      "engines": {
        "node": ">=18"
      }
    },
    "node_modules/@thi.ng/checks": {
      "version": "3.7.6",
      "funding": [
        {
          "type": "github",
          "url": "https://github.com/sponsors/postspectacular"
        },
        {
          "type": "patreon",
          "url": "https://patreon.com/thing_umbrella"
        },
        {
          "type": "liberapay",
          "url": "https://liberapay.com/thi.ng"
        }
      ],
      "license": "Apache-2.0",
      "dependencies": {
        "tslib": "^2.8.1"
      },
      "engines": {
        "node": ">=18"
      }
    },
    "node_modules/@thi.ng/colored-noise": {
      "version": "1.0.99",
      "funding": [
        {
          "type": "github",
          "url": "https://github.com/sponsors/postspectacular"
        },
        {
          "type": "patreon",
          "url": "https://patreon.com/thing_umbrella"
        },
        {
          "type": "liberapay",
          "url": "https://liberapay.com/thi.ng"
        }
      ],
      "license": "Apache-2.0",
      "dependencies": {
        "@thi.ng/binary": "^3.4.49",
        "@thi.ng/random": "^4.1.17"
      },
      "engines": {
        "node": ">=18"
      }
    },
    "node_modules/@thi.ng/compare": {
      "version": "2.4.18",
      "funding": [
        {
          "type": "github",
          "url": "https://github.com/sponsors/postspectacular"
        },
        {
          "type": "patreon",
          "url": "https://patreon.com/thing_umbrella"
        },
        {
          "type": "liberapay",
          "url": "https://liberapay.com/thi.ng"
        }
      ],
      "license": "Apache-2.0",
      "dependencies": {
        "@thi.ng/api": "^8.11.26"
      },
      "engines": {
        "node": ">=18"
      }
    },
    "node_modules/@thi.ng/compose": {
      "version": "3.0.29",
      "funding": [
        {
          "type": "github",
          "url": "https://github.com/sponsors/postspectacular"
        },
        {
          "type": "patreon",
          "url": "https://patreon.com/thing_umbrella"
        },
        {
          "type": "liberapay",
          "url": "https://liberapay.com/thi.ng"
        }
      ],
      "license": "Apache-2.0",
      "dependencies": {
        "@thi.ng/api": "^8.11.26",
        "@thi.ng/errors": "^2.5.32"
      },
      "engines": {
        "node": ">=18"
      }
    },
    "node_modules/@thi.ng/equiv": {
      "version": "2.1.82",
      "funding": [
        {
          "type": "github",
          "url": "https://github.com/sponsors/postspectacular"
        },
        {
          "type": "patreon",
          "url": "https://patreon.com/thing_umbrella"
        },
        {
          "type": "liberapay",
          "url": "https://liberapay.com/thi.ng"
        }
      ],
      "license": "Apache-2.0",
      "engines": {
        "node": ">=18"
      }
    },
    "node_modules/@thi.ng/errors": {
      "version": "2.5.32",
      "funding": [
        {
          "type": "github",
          "url": "https://github.com/sponsors/postspectacular"
        },
        {
          "type": "patreon",
          "url": "https://patreon.com/thing_umbrella"
        },
        {
          "type": "liberapay",
          "url": "https://liberapay.com/thi.ng"
        }
      ],
      "license": "Apache-2.0",
      "engines": {
        "node": ">=18"
      }
    },
    "node_modules/@thi.ng/math": {
      "version": "5.11.26",
      "funding": [
        {
          "type": "github",
          "url": "https://github.com/sponsors/postspectacular"
        },
        {
          "type": "patreon",
          "url": "https://patreon.com/thing_umbrella"
        },
        {
          "type": "liberapay",
          "url": "https://liberapay.com/thi.ng"
        }
      ],
      "license": "Apache-2.0",
      "dependencies": {
        "@thi.ng/api": "^8.11.26"
      },
      "engines": {
        "node": ">=18"
      }
    },
    "node_modules/@thi.ng/random": {
      "version": "4.1.17",
      "funding": [
        {
          "type": "github",
          "url": "https://github.com/sponsors/postspectacular"
        },
        {
          "type": "patreon",
          "url": "https://patreon.com/thing_umbrella"
        },
        {
          "type": "liberapay",
          "url": "https://liberapay.com/thi.ng"
        }
      ],
      "license": "Apache-2.0",
      "dependencies": {
        "@thi.ng/api": "^8.11.26",
        "@thi.ng/errors": "^2.5.32"
      },
      "engines": {
        "node": ">=18"
      }
    },
    "node_modules/@thi.ng/timestamp": {
      "version": "1.1.11",
      "funding": [
        {
          "type": "github",
          "url": "https://github.com/sponsors/postspectacular"
        },
        {
          "type": "patreon",
          "url": "https://patreon.com/thing_umbrella"
        },
        {
          "type": "liberapay",
          "url": "https://liberapay.com/thi.ng"
        }
      ],
      "license": "Apache-2.0",
      "engines": {
        "node": ">=18"
      }
    },
    "node_modules/@thi.ng/transducers": {
      "version": "9.2.26",
      "funding": [
        {
          "type": "github",
          "url": "https://github.com/sponsors/postspectacular"
        },
        {
          "type": "patreon",
          "url": "https://patreon.com/thing_umbrella"
        },
        {
          "type": "liberapay",
          "url": "https://liberapay.com/thi.ng"
        }
      ],
      "license": "Apache-2.0",
      "dependencies": {
        "@thi.ng/api": "^8.11.26",
        "@thi.ng/arrays": "^2.10.23",
        "@thi.ng/checks": "^3.7.6",
        "@thi.ng/compare": "^2.4.18",
        "@thi.ng/compose": "^3.0.29",
        "@thi.ng/errors": "^2.5.32",
        "@thi.ng/math": "^5.11.26",
        "@thi.ng/random": "^4.1.17",
        "@thi.ng/timestamp": "^1.1.11"
      },
      "engines": {
        "node": ">=18"
      }
    },
    "node_modules/@types/chalk": {
      "version": "0.4.31",
      "resolved": "https://registry.npmjs.org/@types/chalk/-/chalk-0.4.31.tgz",
      "integrity": "sha512-nF0fisEPYMIyfrFgabFimsz9Lnuu9MwkNrrlATm2E4E46afKDyeelT+8bXfw1VSc7sLBxMxRgT7PxTC2JcqN4Q==",
      "license": "MIT"
    },
    "node_modules/@types/wav-encoder": {
      "version": "1.3.3",
      "license": "MIT"
    },
    "node_modules/bootstrap": {
      "version": "5.3.5",
      "funding": [
        {
          "type": "github",
          "url": "https://github.com/sponsors/twbs"
        },
        {
          "type": "opencollective",
          "url": "https://opencollective.com/bootstrap"
        }
      ],
      "license": "MIT",
      "peerDependencies": {
        "@popperjs/core": "^2.11.8"
      }
    },
    "node_modules/chalk": {
      "version": "5.4.1",
      "resolved": "https://registry.npmjs.org/chalk/-/chalk-5.4.1.tgz",
      "integrity": "sha512-zgVZuo2WcZgfUEmsn6eO3kINexW8RAE4maiQ8QNs8CtpPCSyMiYsULR3HQYkm3w8FIA3SberyMJMSldGsW+U3w==",
      "license": "MIT",
      "engines": {
        "node": "^12.17.0 || ^14.13 || >=16.0.0"
      },
      "funding": {
        "url": "https://github.com/chalk/chalk?sponsor=1"
      }
    },
    "node_modules/tslib": {
      "version": "2.8.1",
      "license": "0BSD"
    },
    "node_modules/wav-encoder": {
      "version": "1.3.0",
      "license": "MIT"
    }
  }
}
